
Microsoft Visual Studio Solution File, Format Version 12.00
# Visual Studio Version 17
VisualStudioVersion = 17.14.36603.0
MinimumVisualStudioVersion = 10.0.40219.1
Project("{FAE04EC0-301F-11D3-BF4B-00C04F79EFBC}") = "SalesLedger", "SalesLedger\SalesLedger.csproj", "{0592DF71-FF89-4589-899A-6DAC7FBCB0B0}"
EndProject
Project("{FAE04EC0-301F-11D3-BF4B-00C04F79EFBC}") = "SalesLedger.Tests", "SalesLedger.Tests\SalesLedger.Tests.csproj", "{7ADDD547-0673-48D1-9FD0-7283F505C4C7}"
EndProject
Global
	GlobalSection(SolutionConfigurationPlatforms) = preSolution
		Debug|Any CPU = Debug|Any CPU
		Debug|x64 = Debug|x64
		Debug|x86 = Debug|x86
		Release|Any CPU = Release|Any CPU
		Release|x64 = Release|x64
		Release|x86 = Release|x86
	EndGlobalSection
	GlobalSection(ProjectConfigurationPlatforms) = postSolution
		{0592DF71-FF89-4589-899A-6DAC7FBCB0B0}.Debug|Any CPU.ActiveCfg = Debug|Any CPU
		{0592DF71-FF89-4589-899A-6DAC7FBCB0B0}.Debug|Any CPU.Build.0 = Debug|Any CPU
		{0592DF71-FF89-4589-899A-6DAC7FBCB0B0}.Debug|x64.ActiveCfg = Debug|Any CPU
		{0592DF71-FF89-4589-899A-6DAC7FBCB0B0}.Debug|x64.Build.0 = Debug|Any CPU
		{0592DF71-FF89-4589-899A-6DAC7FBCB0B0}.Debug|x86.ActiveCfg = Debug|Any CPU
		{0592DF71-FF89-4589-899A-6DAC7FBCB0B0}.Debug|x86.Build.0 = Debug|Any CPU
		{0592DF71-FF89-4589-899A-6DAC7FBCB0B0}.Release|Any CPU.ActiveCfg = Release|Any CPU
		{0592DF71-FF89-4589-899A-6DAC7FBCB0B0}.Release|Any CPU.Build.0 = Release|Any CPU
		{0592DF71-FF89-4589-899A-6DAC7FBCB0B0}.Release|x64.ActiveCfg = Release|Any CPU
		{0592DF71-FF89-4589-899A-6DAC7FBCB0B0}.Release|x64.Build.0 = Release|Any CPU
		{0592DF71-FF89-4589-899A-6DAC7FBCB0B0}.Release|x86.ActiveCfg = Release|Any CPU
		{0592DF71-FF89-4589-899A-6DAC7FBCB0B0}.Release|x86.Build.0 = Release|Any CPU
		{7ADDD547-0673-48D1-9FD0-7283F505C4C7}.Debug|Any CPU.ActiveCfg = Debug|Any CPU
		{7ADDD547-0673-48D1-9FD0-7283F505C4C7}.Debug|Any CPU.Build.0 = Debug|Any CPU
		{7ADDD547-0673-48D1-9FD0-7283F505C4C7}.Debug|x64.ActiveCfg = Debug|Any CPU
		{7ADDD547-0673-48D1-9FD0-7283F505C4C7}.Debug|x64.Build.0 = Debug|Any CPU
		{7ADDD547-0673-48D1-9FD0-7283F505C4C7}.Debug|x86.ActiveCfg = Debug|Any CPU
		{7ADDD547-0673-48D1-9FD0-7283F505C4C7}.Debug|x86.Build.0 = Debug|Any CPU
		{7ADDD547-0673-48D1-9FD0-7283F505C4C7}.Release|Any CPU.ActiveCfg = Release|Any CPU
		{7ADDD547-0673-48D1-9FD0-7283F505C4C7}.Release|Any CPU.Build.0 = Release|Any CPU
		{7ADDD547-0673-48D1-9FD0-7283F505C4C7}.Release|x64.ActiveCfg = Release|Any CPU
		{7ADDD547-0673-48D1-9FD0-7283F505C4C7}.Release|x64.Build.0 = Release|Any CPU
		{7ADDD547-0673-48D1-9FD0-7283F505C4C7}.Release|x86.ActiveCfg = Release|Any CPU
		{7ADDD547-0673-48D1-9FD0-7283F505C4C7}.Release|x86.Build.0 = Release|Any CPU
	EndGlobalSection
	GlobalSection(SolutionProperties) = preSolution
		HideSolutionNode = FALSE
	EndGlobalSection
	GlobalSection(ExtensibilityGlobals) = postSolution
		SolutionGuid = {0CE02677-3E97-4C3E-9442-CF62B95CB5AA}
	EndGlobalSection
EndGlobal
